
Microsoft Visual Studio Solution File, Format Version 10.00
# Visual Studio 2008
Project("{2150E333-8FDC-42A3-9474-1A3956D46DE8}") = "ftk", "ftk", "{0BF17DE0-D6D1-4389-96C1-EF6E8EFC175D}"
EndProject
Project("{2150E333-8FDC-42A3-9474-1A3956D46DE8}") = "flaim", "flaim", "{C6AE6621-9535-4914-BB7C-625A96752846}"
EndProject
Project("{2150E333-8FDC-42A3-9474-1A3956D46DE8}") = "sql", "sql", "{5C39F26B-F199-4BBB-8F24-AFA9FB1A6242}"
EndProject
Project("{2150E333-8FDC-42A3-9474-1A3956D46DE8}") = "xflaim", "xflaim", "{486040F9-016A-4A47-9E2D-1DB1196300A1}"
EndProject
Project("{8BC9CEB8-8B4A-11D0-8D11-00A0C91BC942}") = "flaim", "..\..\flaim\win32\flaim\flaim\flaim.vcproj", "{D16B82B1-8831-49D8-BE86-835183329342}"
	ProjectSection(ProjectDependencies) = postProject
		{44861D28-034F-4F4B-B51B-892A9E2FF12F} = {44861D28-034F-4F4B-B51B-892A9E2FF12F}
	EndProjectSection
EndProject
Project("{8BC9CEB8-8B4A-11D0-8D11-00A0C91BC942}") = "flaim_static", "..\..\flaim\win32\flaim\flaim_static\flaim_static.vcproj", "{05142CA1-9F15-4E61-AAF0-FB61AD0C6F18}"
EndProject
Project("{8BC9CEB8-8B4A-11D0-8D11-00A0C91BC942}") = "flaimtk", "..\..\ftk\win32\ftk\flaimtk\flaimtk.vcproj", "{44861D28-034F-4F4B-B51B-892A9E2FF12F}"
EndProject
Project("{8BC9CEB8-8B4A-11D0-8D11-00A0C91BC942}") = "flaimtk_static", "..\..\ftk\win32\ftk\flaimtk_static\flaimtk_static.vcproj", "{F3ACBCA5-621F-4B54-B445-581EA14B49B4}"
EndProject
Project("{8BC9CEB8-8B4A-11D0-8D11-00A0C91BC942}") = "ftktest", "..\..\ftk\win32\ftk\ftktest\ftktest.vcproj", "{00B9E579-CD68-46CB-81FA-230861C49A72}"
	ProjectSection(ProjectDependencies) = postProject
		{F3ACBCA5-621F-4B54-B445-581EA14B49B4} = {F3ACBCA5-621F-4B54-B445-581EA14B49B4}
	EndProjectSection
EndProject
Project("{8BC9CEB8-8B4A-11D0-8D11-00A0C91BC942}") = "flaimsql", "..\..\sql\win32\sql\flaimsql\flaimsql.vcproj", "{9E0A94C9-6B5C-4C74-9678-AF556D772426}"
	ProjectSection(ProjectDependencies) = postProject
		{44861D28-034F-4F4B-B51B-892A9E2FF12F} = {44861D28-034F-4F4B-B51B-892A9E2FF12F}
	EndProjectSection
EndProject
Project("{8BC9CEB8-8B4A-11D0-8D11-00A0C91BC942}") = "flaimsql_static", "..\..\sql\win32\sql\flaimsql_static\flaimsql_static.vcproj", "{2327896F-38A5-493C-BF81-12E7AE5F7FC2}"
EndProject
Project("{8BC9CEB8-8B4A-11D0-8D11-00A0C91BC942}") = "xflaim", "..\..\xflaim\win32\xflaim\xflaim\xflaim.vcproj", "{41AA6907-E826-4E8F-A271-F3B2EB6158D2}"
	ProjectSection(ProjectDependencies) = postProject
		{44861D28-034F-4F4B-B51B-892A9E2FF12F} = {44861D28-034F-4F4B-B51B-892A9E2FF12F}
	EndProjectSection
EndProject
Project("{8BC9CEB8-8B4A-11D0-8D11-00A0C91BC942}") = "xflaim_static", "..\..\xflaim\win32\xflaim\xflaim_static\xflaim_static.vcproj", "{1EB08BC4-5446-44B2-9739-ADA9E59770DE}"
EndProject
Project("{8BC9CEB8-8B4A-11D0-8D11-00A0C91BC942}") = "flmcheckdb", "..\..\flaim\win32\flaim\flmcheckdb\flmcheckdb.vcproj", "{26DA168D-B65F-49F8-8CEE-78C60B4F83F2}"
	ProjectSection(ProjectDependencies) = postProject
		{05142CA1-9F15-4E61-AAF0-FB61AD0C6F18} = {05142CA1-9F15-4E61-AAF0-FB61AD0C6F18}
		{F3ACBCA5-621F-4B54-B445-581EA14B49B4} = {F3ACBCA5-621F-4B54-B445-581EA14B49B4}
		{18646AAF-FA19-48A8-9B6B-0616BE978E82} = {18646AAF-FA19-48A8-9B6B-0616BE978E82}
	EndProjectSection
EndProject
Project("{8BC9CEB8-8B4A-11D0-8D11-00A0C91BC942}") = "flmdbshell", "..\..\flaim\win32\flaim\flmdbshell\flmdbshell.vcproj", "{03084602-FD0D-4D62-B14A-8F953BC482C8}"
	ProjectSection(ProjectDependencies) = postProject
		{05142CA1-9F15-4E61-AAF0-FB61AD0C6F18} = {05142CA1-9F15-4E61-AAF0-FB61AD0C6F18}
		{F3ACBCA5-621F-4B54-B445-581EA14B49B4} = {F3ACBCA5-621F-4B54-B445-581EA14B49B4}
		{18646AAF-FA19-48A8-9B6B-0616BE978E82} = {18646AAF-FA19-48A8-9B6B-0616BE978E82}
	EndProjectSection
EndProject
Project("{8BC9CEB8-8B4A-11D0-8D11-00A0C91BC942}") = "flmgigatest", "..\..\flaim\win32\flaim\flmgigatest\flmgigatest.vcproj", "{AC1AF53C-9919-40F0-BDA6-B1B58992C1C1}"
	ProjectSection(ProjectDependencies) = postProject
		{05142CA1-9F15-4E61-AAF0-FB61AD0C6F18} = {05142CA1-9F15-4E61-AAF0-FB61AD0C6F18}
		{F3ACBCA5-621F-4B54-B445-581EA14B49B4} = {F3ACBCA5-621F-4B54-B445-581EA14B49B4}
		{18646AAF-FA19-48A8-9B6B-0616BE978E82} = {18646AAF-FA19-48A8-9B6B-0616BE978E82}
	EndProjectSection
EndProject
Project("{8BC9CEB8-8B4A-11D0-8D11-00A0C91BC942}") = "flmrebuild", "..\..\flaim\win32\flaim\flmrebuild\flmrebuild.vcproj", "{AF6DCFBD-2174-46A6-A0E1-6461A8A8E142}"
	ProjectSection(ProjectDependencies) = postProject
		{05142CA1-9F15-4E61-AAF0-FB61AD0C6F18} = {05142CA1-9F15-4E61-AAF0-FB61AD0C6F18}
		{F3ACBCA5-621F-4B54-B445-581EA14B49B4} = {F3ACBCA5-621F-4B54-B445-581EA14B49B4}
		{18646AAF-FA19-48A8-9B6B-0616BE978E82} = {18646AAF-FA19-48A8-9B6B-0616BE978E82}
	EndProjectSection
EndProject
Project("{8BC9CEB8-8B4A-11D0-8D11-00A0C91BC942}") = "flmview", "..\..\flaim\win32\flaim\flmview\flmview.vcproj", "{0DF942BC-9CCE-4968-8994-65529F4F7757}"
	ProjectSection(ProjectDependencies) = postProject
		{05142CA1-9F15-4E61-AAF0-FB61AD0C6F18} = {05142CA1-9F15-4E61-AAF0-FB61AD0C6F18}
		{F3ACBCA5-621F-4B54-B445-581EA14B49B4} = {F3ACBCA5-621F-4B54-B445-581EA14B49B4}
		{18646AAF-FA19-48A8-9B6B-0616BE978E82} = {18646AAF-FA19-48A8-9B6B-0616BE978E82}
	EndProjectSection
EndProject
Project("{8BC9CEB8-8B4A-11D0-8D11-00A0C91BC942}") = "flmutil", "..\..\flaim\win32\flaim\flmutil\flmutil.vcproj", "{18646AAF-FA19-48A8-9B6B-0616BE978E82}"
EndProject
Project("{8BC9CEB8-8B4A-11D0-8D11-00A0C91BC942}") = "ut_basictest", "..\..\flaim\win32\flaim\ut_basictest\ut_basictest.vcproj", "{AA9612F0-9B26-4BFB-9811-105916BCEFD2}"
	ProjectSection(ProjectDependencies) = postProject
		{05142CA1-9F15-4E61-AAF0-FB61AD0C6F18} = {05142CA1-9F15-4E61-AAF0-FB61AD0C6F18}
		{F3ACBCA5-621F-4B54-B445-581EA14B49B4} = {F3ACBCA5-621F-4B54-B445-581EA14B49B4}
		{18646AAF-FA19-48A8-9B6B-0616BE978E82} = {18646AAF-FA19-48A8-9B6B-0616BE978E82}
	EndProjectSection
EndProject
Project("{8BC9CEB8-8B4A-11D0-8D11-00A0C91BC942}") = "xflmcheckdb", "..\..\xflaim\win32\xflaim\xflmcheckdb\xflmcheckdb.vcproj", "{4BCCC322-9F1A-417D-A8E6-02A6B24BBB8A}"
	ProjectSection(ProjectDependencies) = postProject
		{C723A651-0AC5-4597-99A9-3DCFB4E8FF6E} = {C723A651-0AC5-4597-99A9-3DCFB4E8FF6E}
		{F3ACBCA5-621F-4B54-B445-581EA14B49B4} = {F3ACBCA5-621F-4B54-B445-581EA14B49B4}
		{1EB08BC4-5446-44B2-9739-ADA9E59770DE} = {1EB08BC4-5446-44B2-9739-ADA9E59770DE}
	EndProjectSection
EndProject
Project("{8BC9CEB8-8B4A-11D0-8D11-00A0C91BC942}") = "xflmdbshell", "..\..\xflaim\win32\xflaim\xflmdbshell\xflmdbshell.vcproj", "{B9D515F1-E9AB-4B53-9C21-7C4E0A04BEF2}"
	ProjectSection(ProjectDependencies) = postProject
		{C723A651-0AC5-4597-99A9-3DCFB4E8FF6E} = {C723A651-0AC5-4597-99A9-3DCFB4E8FF6E}
		{F3ACBCA5-621F-4B54-B445-581EA14B49B4} = {F3ACBCA5-621F-4B54-B445-581EA14B49B4}
		{1EB08BC4-5446-44B2-9739-ADA9E59770DE} = {1EB08BC4-5446-44B2-9739-ADA9E59770DE}
	EndProjectSection
EndProject
Project("{8BC9CEB8-8B4A-11D0-8D11-00A0C91BC942}") = "xflmrebuild", "..\..\xflaim\win32\xflaim\xflmrebuild\xflmrebuild.vcproj", "{C8262368-09FB-4509-A509-86C290418E1C}"
	ProjectSection(ProjectDependencies) = postProject
		{C723A651-0AC5-4597-99A9-3DCFB4E8FF6E} = {C723A651-0AC5-4597-99A9-3DCFB4E8FF6E}
		{F3ACBCA5-621F-4B54-B445-581EA14B49B4} = {F3ACBCA5-621F-4B54-B445-581EA14B49B4}
		{1EB08BC4-5446-44B2-9739-ADA9E59770DE} = {1EB08BC4-5446-44B2-9739-ADA9E59770DE}
	EndProjectSection
EndProject
Project("{8BC9CEB8-8B4A-11D0-8D11-00A0C91BC942}") = "xflmview", "..\..\xflaim\win32\xflaim\xflmview\xflmview.vcproj", "{30F5D2C7-46CC-4DAB-9ABF-C4F5F125A517}"
	ProjectSection(ProjectDependencies) = postProject
		{C723A651-0AC5-4597-99A9-3DCFB4E8FF6E} = {C723A651-0AC5-4597-99A9-3DCFB4E8FF6E}
		{F3ACBCA5-621F-4B54-B445-581EA14B49B4} = {F3ACBCA5-621F-4B54-B445-581EA14B49B4}
		{1EB08BC4-5446-44B2-9739-ADA9E59770DE} = {1EB08BC4-5446-44B2-9739-ADA9E59770DE}
	EndProjectSection
EndProject
Project("{8BC9CEB8-8B4A-11D0-8D11-00A0C91BC942}") = "xflmutil", "..\..\xflaim\win32\xflaim\xflmutil\xflmutil.vcproj", "{C723A651-0AC5-4597-99A9-3DCFB4E8FF6E}"
EndProject
Project("{2150E333-8FDC-42A3-9474-1A3956D46DE8}") = "Unit Tests", "Unit Tests", "{42089F4D-FEB3-404B-A0BE-8188C649BDF5}"
EndProject
Project("{8BC9CEB8-8B4A-11D0-8D11-00A0C91BC942}") = "ut_basictest", "..\..\xflaim\win32\xflaim\unittests\ut_basictest\ut_basictest.vcproj", "{C75FBA6D-D222-4636-ADA2-81375DE6BACC}"
	ProjectSection(ProjectDependencies) = postProject
		{C723A651-0AC5-4597-99A9-3DCFB4E8FF6E} = {C723A651-0AC5-4597-99A9-3DCFB4E8FF6E}
		{F3ACBCA5-621F-4B54-B445-581EA14B49B4} = {F3ACBCA5-621F-4B54-B445-581EA14B49B4}
		{1EB08BC4-5446-44B2-9739-ADA9E59770DE} = {1EB08BC4-5446-44B2-9739-ADA9E59770DE}
	EndProjectSection
EndProject
Project("{8BC9CEB8-8B4A-11D0-8D11-00A0C91BC942}") = "ut_binarytest", "..\..\xflaim\win32\xflaim\unittests\ut_binarytest\ut_binarytest.vcproj", "{C96797C8-FA10-40A0-BD1A-68DFDD34D2AC}"
	ProjectSection(ProjectDependencies) = postProject
		{C723A651-0AC5-4597-99A9-3DCFB4E8FF6E} = {C723A651-0AC5-4597-99A9-3DCFB4E8FF6E}
		{F3ACBCA5-621F-4B54-B445-581EA14B49B4} = {F3ACBCA5-621F-4B54-B445-581EA14B49B4}
		{1EB08BC4-5446-44B2-9739-ADA9E59770DE} = {1EB08BC4-5446-44B2-9739-ADA9E59770DE}
	EndProjectSection
EndProject
Project("{8BC9CEB8-8B4A-11D0-8D11-00A0C91BC942}") = "ut_colldeftest", "..\..\xflaim\win32\xflaim\unittests\ut_colldeftest\ut_colldeftest.vcproj", "{36CAA969-DC19-4091-B32D-5ABB18904268}"
	ProjectSection(ProjectDependencies) = postProject
		{C723A651-0AC5-4597-99A9-3DCFB4E8FF6E} = {C723A651-0AC5-4597-99A9-3DCFB4E8FF6E}
		{F3ACBCA5-621F-4B54-B445-581EA14B49B4} = {F3ACBCA5-621F-4B54-B445-581EA14B49B4}
		{1EB08BC4-5446-44B2-9739-ADA9E59770DE} = {1EB08BC4-5446-44B2-9739-ADA9E59770DE}
	EndProjectSection
EndProject
Project("{8BC9CEB8-8B4A-11D0-8D11-00A0C91BC942}") = "ut_dictchangetest", "..\..\xflaim\win32\xflaim\unittests\ut_dictchangetest\ut_dictchangetest.vcproj", "{5BD85BDF-EA97-46D7-94C8-503999DF45C0}"
	ProjectSection(ProjectDependencies) = postProject
		{C723A651-0AC5-4597-99A9-3DCFB4E8FF6E} = {C723A651-0AC5-4597-99A9-3DCFB4E8FF6E}
		{F3ACBCA5-621F-4B54-B445-581EA14B49B4} = {F3ACBCA5-621F-4B54-B445-581EA14B49B4}
		{1EB08BC4-5446-44B2-9739-ADA9E59770DE} = {1EB08BC4-5446-44B2-9739-ADA9E59770DE}
	EndProjectSection
EndProject
Project("{8BC9CEB8-8B4A-11D0-8D11-00A0C91BC942}") = "ut_dictdeftest", "..\..\xflaim\win32\xflaim\unittests\ut_dictdeftest\ut_dictdeftest.vcproj", "{1C5F4DFA-8E94-4020-BE3F-714563C2D6AE}"
	ProjectSection(ProjectDependencies) = postProject
		{C723A651-0AC5-4597-99A9-3DCFB4E8FF6E} = {C723A651-0AC5-4597-99A9-3DCFB4E8FF6E}
		{F3ACBCA5-621F-4B54-B445-581EA14B49B4} = {F3ACBCA5-621F-4B54-B445-581EA14B49B4}
		{1EB08BC4-5446-44B2-9739-ADA9E59770DE} = {1EB08BC4-5446-44B2-9739-ADA9E59770DE}
	EndProjectSection
EndProject
Project("{8BC9CEB8-8B4A-11D0-8D11-00A0C91BC942}") = "ut_dirtyexittest", "..\..\xflaim\win32\xflaim\unittests\ut_dirtyexittest\ut_dirtyexittest.vcproj", "{98581B5F-0260-46EB-AF0D-AB3ACA6E6D63}"
	ProjectSection(ProjectDependencies) = postProject
		{C723A651-0AC5-4597-99A9-3DCFB4E8FF6E} = {C723A651-0AC5-4597-99A9-3DCFB4E8FF6E}
		{F3ACBCA5-621F-4B54-B445-581EA14B49B4} = {F3ACBCA5-621F-4B54-B445-581EA14B49B4}
		{1EB08BC4-5446-44B2-9739-ADA9E59770DE} = {1EB08BC4-5446-44B2-9739-ADA9E59770DE}
	EndProjectSection
EndProject
Project("{8BC9CEB8-8B4A-11D0-8D11-00A0C91BC942}") = "ut_dirtyexittest2", "..\..\xflaim\win32\xflaim\unittests\ut_dirtyexittest2\ut_dirtyexittest2.vcproj", "{F1523344-8D1A-4FFB-A158-09EA0BEA45A2}"
	ProjectSection(ProjectDependencies) = postProject
		{C723A651-0AC5-4597-99A9-3DCFB4E8FF6E} = {C723A651-0AC5-4597-99A9-3DCFB4E8FF6E}
		{F3ACBCA5-621F-4B54-B445-581EA14B49B4} = {F3ACBCA5-621F-4B54-B445-581EA14B49B4}
		{1EB08BC4-5446-44B2-9739-ADA9E59770DE} = {1EB08BC4-5446-44B2-9739-ADA9E59770DE}
	EndProjectSection
EndProject
Project("{8BC9CEB8-8B4A-11D0-8D11-00A0C91BC942}") = "ut_domnodetest", "..\..\xflaim\win32\xflaim\unittests\ut_domnodetest\ut_domnodetest.vcproj", "{178FBCCE-8EFD-4EC9-8FAB-825636B9C7A5}"
	ProjectSection(ProjectDependencies) = postProject
		{C723A651-0AC5-4597-99A9-3DCFB4E8FF6E} = {C723A651-0AC5-4597-99A9-3DCFB4E8FF6E}
		{F3ACBCA5-621F-4B54-B445-581EA14B49B4} = {F3ACBCA5-621F-4B54-B445-581EA14B49B4}
		{1EB08BC4-5446-44B2-9739-ADA9E59770DE} = {1EB08BC4-5446-44B2-9739-ADA9E59770DE}
	EndProjectSection
EndProject
Project("{8BC9CEB8-8B4A-11D0-8D11-00A0C91BC942}") = "ut_enctest", "..\..\xflaim\win32\xflaim\unittests\ut_enctest\ut_enctest.vcproj", "{20CCCBF0-6692-4FD9-BEAC-752362F21305}"
	ProjectSection(ProjectDependencies) = postProject
		{C723A651-0AC5-4597-99A9-3DCFB4E8FF6E} = {C723A651-0AC5-4597-99A9-3DCFB4E8FF6E}
		{F3ACBCA5-621F-4B54-B445-581EA14B49B4} = {F3ACBCA5-621F-4B54-B445-581EA14B49B4}
		{1EB08BC4-5446-44B2-9739-ADA9E59770DE} = {1EB08BC4-5446-44B2-9739-ADA9E59770DE}
	EndProjectSection
EndProject
Project("{8BC9CEB8-8B4A-11D0-8D11-00A0C91BC942}") = "ut_importtest", "..\..\xflaim\win32\xflaim\unittests\ut_importtest\ut_importtest.vcproj", "{A1C153E7-6578-4CE4-8CE4-022A38B15F44}"
	ProjectSection(ProjectDependencies) = postProject
		{C723A651-0AC5-4597-99A9-3DCFB4E8FF6E} = {C723A651-0AC5-4597-99A9-3DCFB4E8FF6E}
		{F3ACBCA5-621F-4B54-B445-581EA14B49B4} = {F3ACBCA5-621F-4B54-B445-581EA14B49B4}
		{1EB08BC4-5446-44B2-9739-ADA9E59770DE} = {1EB08BC4-5446-44B2-9739-ADA9E59770DE}
	EndProjectSection
EndProject
Project("{8BC9CEB8-8B4A-11D0-8D11-00A0C91BC942}") = "ut_indexdeftest", "..\..\xflaim\win32\xflaim\unittests\ut_indexdeftest\ut_indexdeftest.vcproj", "{31E01821-8113-4E0E-A924-DF94386B333F}"
	ProjectSection(ProjectDependencies) = postProject
		{C723A651-0AC5-4597-99A9-3DCFB4E8FF6E} = {C723A651-0AC5-4597-99A9-3DCFB4E8FF6E}
		{F3ACBCA5-621F-4B54-B445-581EA14B49B4} = {F3ACBCA5-621F-4B54-B445-581EA14B49B4}
		{1EB08BC4-5446-44B2-9739-ADA9E59770DE} = {1EB08BC4-5446-44B2-9739-ADA9E59770DE}
	EndProjectSection
EndProject
Project("{8BC9CEB8-8B4A-11D0-8D11-00A0C91BC942}") = "ut_indextest", "..\..\xflaim\win32\xflaim\unittests\ut_indextest\ut_indextest.vcproj", "{125B9F4E-46E1-41C0-903F-FC827217DDE8}"
	ProjectSection(ProjectDependencies) = postProject
		{C723A651-0AC5-4597-99A9-3DCFB4E8FF6E} = {C723A651-0AC5-4597-99A9-3DCFB4E8FF6E}
		{F3ACBCA5-621F-4B54-B445-581EA14B49B4} = {F3ACBCA5-621F-4B54-B445-581EA14B49B4}
		{1EB08BC4-5446-44B2-9739-ADA9E59770DE} = {1EB08BC4-5446-44B2-9739-ADA9E59770DE}
	EndProjectSection
EndProject
Project("{8BC9CEB8-8B4A-11D0-8D11-00A0C91BC942}") = "ut_indextest2", "..\..\xflaim\win32\xflaim\unittests\ut_indextest2\ut_indextest2.vcproj", "{FB49EECC-B8BF-4BA1-84B6-BF159DB9936A}"
	ProjectSection(ProjectDependencies) = postProject
		{C723A651-0AC5-4597-99A9-3DCFB4E8FF6E} = {C723A651-0AC5-4597-99A9-3DCFB4E8FF6E}
		{F3ACBCA5-621F-4B54-B445-581EA14B49B4} = {F3ACBCA5-621F-4B54-B445-581EA14B49B4}
		{1EB08BC4-5446-44B2-9739-ADA9E59770DE} = {1EB08BC4-5446-44B2-9739-ADA9E59770DE}
	EndProjectSection
EndProject
Project("{8BC9CEB8-8B4A-11D0-8D11-00A0C91BC942}") = "ut_indextest3", "..\..\xflaim\win32\xflaim\unittests\ut_indextest3\ut_indextest3.vcproj", "{E17F9130-8DC0-45FA-96F0-B449A2502172}"
	ProjectSection(ProjectDependencies) = postProject
		{C723A651-0AC5-4597-99A9-3DCFB4E8FF6E} = {C723A651-0AC5-4597-99A9-3DCFB4E8FF6E}
		{F3ACBCA5-621F-4B54-B445-581EA14B49B4} = {F3ACBCA5-621F-4B54-B445-581EA14B49B4}
		{1EB08BC4-5446-44B2-9739-ADA9E59770DE} = {1EB08BC4-5446-44B2-9739-ADA9E59770DE}
	EndProjectSection
EndProject
Project("{8BC9CEB8-8B4A-11D0-8D11-00A0C91BC942}") = "ut_metaphonetest", "..\..\xflaim\win32\xflaim\unittests\ut_metaphonetest\ut_metaphonetest.vcproj", "{5A46C250-7FAB-4286-9C3E-F160EDD12FE0}"
	ProjectSection(ProjectDependencies) = postProject
		{C723A651-0AC5-4597-99A9-3DCFB4E8FF6E} = {C723A651-0AC5-4597-99A9-3DCFB4E8FF6E}
		{F3ACBCA5-621F-4B54-B445-581EA14B49B4} = {F3ACBCA5-621F-4B54-B445-581EA14B49B4}
		{1EB08BC4-5446-44B2-9739-ADA9E59770DE} = {1EB08BC4-5446-44B2-9739-ADA9E59770DE}
	EndProjectSection
EndProject
Project("{8BC9CEB8-8B4A-11D0-8D11-00A0C91BC942}") = "ut_namespacetest", "..\..\xflaim\win32\xflaim\unittests\ut_namespacetest\ut_namespacetest.vcproj", "{42C7F8FC-C759-4C42-92A4-4EEB3A8ADCB4}"
	ProjectSection(ProjectDependencies) = postProject
		{C723A651-0AC5-4597-99A9-3DCFB4E8FF6E} = {C723A651-0AC5-4597-99A9-3DCFB4E8FF6E}
		{F3ACBCA5-621F-4B54-B445-581EA14B49B4} = {F3ACBCA5-621F-4B54-B445-581EA14B49B4}
		{1EB08BC4-5446-44B2-9739-ADA9E59770DE} = {1EB08BC4-5446-44B2-9739-ADA9E59770DE}
	EndProjectSection
EndProject
Project("{8BC9CEB8-8B4A-11D0-8D11-00A0C91BC942}") = "ut_regressiontest", "..\..\xflaim\win32\xflaim\unittests\ut_regressiontest\ut_regressiontest.vcproj", "{94F1A016-C863-4528-8849-E7B7232C4903}"
	ProjectSection(ProjectDependencies) = postProject
		{C723A651-0AC5-4597-99A9-3DCFB4E8FF6E} = {C723A651-0AC5-4597-99A9-3DCFB4E8FF6E}
		{F3ACBCA5-621F-4B54-B445-581EA14B49B4} = {F3ACBCA5-621F-4B54-B445-581EA14B49B4}
		{1EB08BC4-5446-44B2-9739-ADA9E59770DE} = {1EB08BC4-5446-44B2-9739-ADA9E59770DE}
	EndProjectSection
EndProject
Project("{8BC9CEB8-8B4A-11D0-8D11-00A0C91BC942}") = "ut_rfltest", "..\..\xflaim\win32\xflaim\unittests\ut_rfltest\ut_rfltest.vcproj", "{8F376CB9-DAD7-44AB-AE76-D38DD0A7F901}"
	ProjectSection(ProjectDependencies) = postProject
		{C723A651-0AC5-4597-99A9-3DCFB4E8FF6E} = {C723A651-0AC5-4597-99A9-3DCFB4E8FF6E}
		{F3ACBCA5-621F-4B54-B445-581EA14B49B4} = {F3ACBCA5-621F-4B54-B445-581EA14B49B4}
		{1EB08BC4-5446-44B2-9739-ADA9E59770DE} = {1EB08BC4-5446-44B2-9739-ADA9E59770DE}
	EndProjectSection
EndProject
Project("{8BC9CEB8-8B4A-11D0-8D11-00A0C91BC942}") = "ut_sortkeytest", "..\..\xflaim\win32\xflaim\unittests\ut_sortkeytest\ut_sortkeytest.vcproj", "{4B85B201-11A8-4D24-8DF5-8DD3843F08AA}"
	ProjectSection(ProjectDependencies) = postProject
		{C723A651-0AC5-4597-99A9-3DCFB4E8FF6E} = {C723A651-0AC5-4597-99A9-3DCFB4E8FF6E}
		{F3ACBCA5-621F-4B54-B445-581EA14B49B4} = {F3ACBCA5-621F-4B54-B445-581EA14B49B4}
		{1EB08BC4-5446-44B2-9739-ADA9E59770DE} = {1EB08BC4-5446-44B2-9739-ADA9E59770DE}
	EndProjectSection
EndProject
Project("{8BC9CEB8-8B4A-11D0-8D11-00A0C91BC942}") = "ut_sortkeytest2", "..\..\xflaim\win32\xflaim\unittests\ut_sortkeytest2\ut_sortkeytest2.vcproj", "{3A356940-4028-465E-8B85-F4BFE92B6EAD}"
	ProjectSection(ProjectDependencies) = postProject
		{C723A651-0AC5-4597-99A9-3DCFB4E8FF6E} = {C723A651-0AC5-4597-99A9-3DCFB4E8FF6E}
		{F3ACBCA5-621F-4B54-B445-581EA14B49B4} = {F3ACBCA5-621F-4B54-B445-581EA14B49B4}
		{1EB08BC4-5446-44B2-9739-ADA9E59770DE} = {1EB08BC4-5446-44B2-9739-ADA9E59770DE}
	EndProjectSection
EndProject
Project("{8BC9CEB8-8B4A-11D0-8D11-00A0C91BC942}") = "ut_xpathtest", "..\..\xflaim\win32\xflaim\unittests\ut_xpathtest\ut_xpathtest.vcproj", "{32B5E15D-278D-4AA5-B38E-7B27232ADA9A}"
	ProjectSection(ProjectDependencies) = postProject
		{C723A651-0AC5-4597-99A9-3DCFB4E8FF6E} = {C723A651-0AC5-4597-99A9-3DCFB4E8FF6E}
		{F3ACBCA5-621F-4B54-B445-581EA14B49B4} = {F3ACBCA5-621F-4B54-B445-581EA14B49B4}
		{1EB08BC4-5446-44B2-9739-ADA9E59770DE} = {1EB08BC4-5446-44B2-9739-ADA9E59770DE}
	EndProjectSection
EndProject
Project("{8BC9CEB8-8B4A-11D0-8D11-00A0C91BC942}") = "ut_xpathtest2", "..\..\xflaim\win32\xflaim\unittests\ut_xpathtest2\ut_xpathtest2.vcproj", "{BBB21DC6-6072-47E7-927F-2F9459CA9631}"
	ProjectSection(ProjectDependencies) = postProject
		{C723A651-0AC5-4597-99A9-3DCFB4E8FF6E} = {C723A651-0AC5-4597-99A9-3DCFB4E8FF6E}
		{F3ACBCA5-621F-4B54-B445-581EA14B49B4} = {F3ACBCA5-621F-4B54-B445-581EA14B49B4}
		{1EB08BC4-5446-44B2-9739-ADA9E59770DE} = {1EB08BC4-5446-44B2-9739-ADA9E59770DE}
	EndProjectSection
EndProject
Global
	GlobalSection(SolutionConfigurationPlatforms) = preSolution
		Debug|Win32 = Debug|Win32
		Debug|x64 = Debug|x64
		Release|Win32 = Release|Win32
		Release|x64 = Release|x64
	EndGlobalSection
	GlobalSection(ProjectConfigurationPlatforms) = postSolution
		{D16B82B1-8831-49D8-BE86-835183329342}.Debug|Win32.ActiveCfg = Debug|Win32
		{D16B82B1-8831-49D8-BE86-835183329342}.Debug|Win32.Build.0 = Debug|Win32
		{D16B82B1-8831-49D8-BE86-835183329342}.Debug|x64.ActiveCfg = Debug|x64
		{D16B82B1-8831-49D8-BE86-835183329342}.Debug|x64.Build.0 = Debug|x64
		{D16B82B1-8831-49D8-BE86-835183329342}.Release|Win32.ActiveCfg = Release|Win32
		{D16B82B1-8831-49D8-BE86-835183329342}.Release|Win32.Build.0 = Release|Win32
		{D16B82B1-8831-49D8-BE86-835183329342}.Release|x64.ActiveCfg = Release|x64
		{D16B82B1-8831-49D8-BE86-835183329342}.Release|x64.Build.0 = Release|x64
		{05142CA1-9F15-4E61-AAF0-FB61AD0C6F18}.Debug|Win32.ActiveCfg = Debug|Win32
		{05142CA1-9F15-4E61-AAF0-FB61AD0C6F18}.Debug|Win32.Build.0 = Debug|Win32
		{05142CA1-9F15-4E61-AAF0-FB61AD0C6F18}.Debug|x64.ActiveCfg = Debug|x64
		{05142CA1-9F15-4E61-AAF0-FB61AD0C6F18}.Debug|x64.Build.0 = Debug|x64
		{05142CA1-9F15-4E61-AAF0-FB61AD0C6F18}.Release|Win32.ActiveCfg = Release|Win32
		{05142CA1-9F15-4E61-AAF0-FB61AD0C6F18}.Release|Win32.Build.0 = Release|Win32
		{05142CA1-9F15-4E61-AAF0-FB61AD0C6F18}.Release|x64.ActiveCfg = Release|x64
		{05142CA1-9F15-4E61-AAF0-FB61AD0C6F18}.Release|x64.Build.0 = Release|x64
		{44861D28-034F-4F4B-B51B-892A9E2FF12F}.Debug|Win32.ActiveCfg = Debug|Win32
		{44861D28-034F-4F4B-B51B-892A9E2FF12F}.Debug|Win32.Build.0 = Debug|Win32
		{44861D28-034F-4F4B-B51B-892A9E2FF12F}.Debug|x64.ActiveCfg = Debug|x64
		{44861D28-034F-4F4B-B51B-892A9E2FF12F}.Debug|x64.Build.0 = Debug|x64
		{44861D28-034F-4F4B-B51B-892A9E2FF12F}.Release|Win32.ActiveCfg = Release|Win32
		{44861D28-034F-4F4B-B51B-892A9E2FF12F}.Release|Win32.Build.0 = Release|Win32
		{44861D28-034F-4F4B-B51B-892A9E2FF12F}.Release|x64.ActiveCfg = Release|x64
		{44861D28-034F-4F4B-B51B-892A9E2FF12F}.Release|x64.Build.0 = Release|x64
		{F3ACBCA5-621F-4B54-B445-581EA14B49B4}.Debug|Win32.ActiveCfg = Debug|Win32
		{F3ACBCA5-621F-4B54-B445-581EA14B49B4}.Debug|Win32.Build.0 = Debug|Win32
		{F3ACBCA5-621F-4B54-B445-581EA14B49B4}.Debug|x64.ActiveCfg = Debug|x64
		{F3ACBCA5-621F-4B54-B445-581EA14B49B4}.Debug|x64.Build.0 = Debug|x64
		{F3ACBCA5-621F-4B54-B445-581EA14B49B4}.Release|Win32.ActiveCfg = Release|Win32
		{F3ACBCA5-621F-4B54-B445-581EA14B49B4}.Release|Win32.Build.0 = Release|Win32
		{F3ACBCA5-621F-4B54-B445-581EA14B49B4}.Release|x64.ActiveCfg = Release|x64
		{F3ACBCA5-621F-4B54-B445-581EA14B49B4}.Release|x64.Build.0 = Release|x64
		{00B9E579-CD68-46CB-81FA-230861C49A72}.Debug|Win32.ActiveCfg = Debug|Win32
		{00B9E579-CD68-46CB-81FA-230861C49A72}.Debug|Win32.Build.0 = Debug|Win32
		{00B9E579-CD68-46CB-81FA-230861C49A72}.Debug|x64.ActiveCfg = Debug|x64
		{00B9E579-CD68-46CB-81FA-230861C49A72}.Debug|x64.Build.0 = Debug|x64
		{00B9E579-CD68-46CB-81FA-230861C49A72}.Release|Win32.ActiveCfg = Release|Win32
		{00B9E579-CD68-46CB-81FA-230861C49A72}.Release|Win32.Build.0 = Release|Win32
		{00B9E579-CD68-46CB-81FA-230861C49A72}.Release|x64.ActiveCfg = Release|x64
		{00B9E579-CD68-46CB-81FA-230861C49A72}.Release|x64.Build.0 = Release|x64
		{9E0A94C9-6B5C-4C74-9678-AF556D772426}.Debug|Win32.ActiveCfg = Debug|Win32
		{9E0A94C9-6B5C-4C74-9678-AF556D772426}.Debug|Win32.Build.0 = Debug|Win32
		{9E0A94C9-6B5C-4C74-9678-AF556D772426}.Debug|x64.ActiveCfg = Debug|x64
		{9E0A94C9-6B5C-4C74-9678-AF556D772426}.Debug|x64.Build.0 = Debug|x64
		{9E0A94C9-6B5C-4C74-9678-AF556D772426}.Release|Win32.ActiveCfg = Release|Win32
		{9E0A94C9-6B5C-4C74-9678-AF556D772426}.Release|Win32.Build.0 = Release|Win32
		{9E0A94C9-6B5C-4C74-9678-AF556D772426}.Release|x64.ActiveCfg = Release|x64
		{9E0A94C9-6B5C-4C74-9678-AF556D772426}.Release|x64.Build.0 = Release|x64
		{2327896F-38A5-493C-BF81-12E7AE5F7FC2}.Debug|Win32.ActiveCfg = Debug|Win32
		{2327896F-38A5-493C-BF81-12E7AE5F7FC2}.Debug|Win32.Build.0 = Debug|Win32
		{2327896F-38A5-493C-BF81-12E7AE5F7FC2}.Debug|x64.ActiveCfg = Debug|x64
		{2327896F-38A5-493C-BF81-12E7AE5F7FC2}.Debug|x64.Build.0 = Debug|x64
		{2327896F-38A5-493C-BF81-12E7AE5F7FC2}.Release|Win32.ActiveCfg = Release|Win32
		{2327896F-38A5-493C-BF81-12E7AE5F7FC2}.Release|Win32.Build.0 = Release|Win32
		{2327896F-38A5-493C-BF81-12E7AE5F7FC2}.Release|x64.ActiveCfg = Release|x64
		{2327896F-38A5-493C-BF81-12E7AE5F7FC2}.Release|x64.Build.0 = Release|x64
		{41AA6907-E826-4E8F-A271-F3B2EB6158D2}.Debug|Win32.ActiveCfg = Debug|Win32
		{41AA6907-E826-4E8F-A271-F3B2EB6158D2}.Debug|Win32.Build.0 = Debug|Win32
		{41AA6907-E826-4E8F-A271-F3B2EB6158D2}.Debug|x64.ActiveCfg = Debug|x64
		{41AA6907-E826-4E8F-A271-F3B2EB6158D2}.Debug|x64.Build.0 = Debug|x64
		{41AA6907-E826-4E8F-A271-F3B2EB6158D2}.Release|Win32.ActiveCfg = Release|Win32
		{41AA6907-E826-4E8F-A271-F3B2EB6158D2}.Release|Win32.Build.0 = Release|Win32
		{41AA6907-E826-4E8F-A271-F3B2EB6158D2}.Release|x64.ActiveCfg = Release|x64
		{41AA6907-E826-4E8F-A271-F3B2EB6158D2}.Release|x64.Build.0 = Release|x64
		{1EB08BC4-5446-44B2-9739-ADA9E59770DE}.Debug|Win32.ActiveCfg = Debug|Win32
		{1EB08BC4-5446-44B2-9739-ADA9E59770DE}.Debug|Win32.Build.0 = Debug|Win32
		{1EB08BC4-5446-44B2-9739-ADA9E59770DE}.Debug|x64.ActiveCfg = Debug|x64
		{1EB08BC4-5446-44B2-9739-ADA9E59770DE}.Debug|x64.Build.0 = Debug|x64
		{1EB08BC4-5446-44B2-9739-ADA9E59770DE}.Release|Win32.ActiveCfg = Release|Win32
		{1EB08BC4-5446-44B2-9739-ADA9E59770DE}.Release|Win32.Build.0 = Release|Win32
		{1EB08BC4-5446-44B2-9739-ADA9E59770DE}.Release|x64.ActiveCfg = Release|x64
		{1EB08BC4-5446-44B2-9739-ADA9E59770DE}.Release|x64.Build.0 = Release|x64
		{26DA168D-B65F-49F8-8CEE-78C60B4F83F2}.Debug|Win32.ActiveCfg = Debug|Win32
		{26DA168D-B65F-49F8-8CEE-78C60B4F83F2}.Debug|Win32.Build.0 = Debug|Win32
		{26DA168D-B65F-49F8-8CEE-78C60B4F83F2}.Debug|x64.ActiveCfg = Debug|x64
		{26DA168D-B65F-49F8-8CEE-78C60B4F83F2}.Debug|x64.Build.0 = Debug|x64
		{26DA168D-B65F-49F8-8CEE-78C60B4F83F2}.Release|Win32.ActiveCfg = Release|Win32
		{26DA168D-B65F-49F8-8CEE-78C60B4F83F2}.Release|Win32.Build.0 = Release|Win32
		{26DA168D-B65F-49F8-8CEE-78C60B4F83F2}.Release|x64.ActiveCfg = Release|x64
		{26DA168D-B65F-49F8-8CEE-78C60B4F83F2}.Release|x64.Build.0 = Release|x64
		{03084602-FD0D-4D62-B14A-8F953BC482C8}.Debug|Win32.ActiveCfg = Debug|Win32
		{03084602-FD0D-4D62-B14A-8F953BC482C8}.Debug|Win32.Build.0 = Debug|Win32
		{03084602-FD0D-4D62-B14A-8F953BC482C8}.Debug|x64.ActiveCfg = Debug|x64
		{03084602-FD0D-4D62-B14A-8F953BC482C8}.Debug|x64.Build.0 = Debug|x64
		{03084602-FD0D-4D62-B14A-8F953BC482C8}.Release|Win32.ActiveCfg = Release|Win32
		{03084602-FD0D-4D62-B14A-8F953BC482C8}.Release|Win32.Build.0 = Release|Win32
		{03084602-FD0D-4D62-B14A-8F953BC482C8}.Release|x64.ActiveCfg = Release|x64
		{03084602-FD0D-4D62-B14A-8F953BC482C8}.Release|x64.Build.0 = Release|x64
		{AC1AF53C-9919-40F0-BDA6-B1B58992C1C1}.Debug|Win32.ActiveCfg = Debug|Win32
		{AC1AF53C-9919-40F0-BDA6-B1B58992C1C1}.Debug|Win32.Build.0 = Debug|Win32
		{AC1AF53C-9919-40F0-BDA6-B1B58992C1C1}.Debug|x64.ActiveCfg = Debug|x64
		{AC1AF53C-9919-40F0-BDA6-B1B58992C1C1}.Debug|x64.Build.0 = Debug|x64
		{AC1AF53C-9919-40F0-BDA6-B1B58992C1C1}.Release|Win32.ActiveCfg = Release|Win32
		{AC1AF53C-9919-40F0-BDA6-B1B58992C1C1}.Release|Win32.Build.0 = Release|Win32
		{AC1AF53C-9919-40F0-BDA6-B1B58992C1C1}.Release|x64.ActiveCfg = Release|x64
		{AC1AF53C-9919-40F0-BDA6-B1B58992C1C1}.Release|x64.Build.0 = Release|x64
		{AF6DCFBD-2174-46A6-A0E1-6461A8A8E142}.Debug|Win32.ActiveCfg = Debug|Win32
		{AF6DCFBD-2174-46A6-A0E1-6461A8A8E142}.Debug|Win32.Build.0 = Debug|Win32
		{AF6DCFBD-2174-46A6-A0E1-6461A8A8E142}.Debug|x64.ActiveCfg = Debug|x64
		{AF6DCFBD-2174-46A6-A0E1-6461A8A8E142}.Debug|x64.Build.0 = Debug|x64
		{AF6DCFBD-2174-46A6-A0E1-6461A8A8E142}.Release|Win32.ActiveCfg = Release|Win32
		{AF6DCFBD-2174-46A6-A0E1-6461A8A8E142}.Release|Win32.Build.0 = Release|Win32
		{AF6DCFBD-2174-46A6-A0E1-6461A8A8E142}.Release|x64.ActiveCfg = Release|x64
		{AF6DCFBD-2174-46A6-A0E1-6461A8A8E142}.Release|x64.Build.0 = Release|x64
		{0DF942BC-9CCE-4968-8994-65529F4F7757}.Debug|Win32.ActiveCfg = Debug|Win32
		{0DF942BC-9CCE-4968-8994-65529F4F7757}.Debug|Win32.Build.0 = Debug|Win32
		{0DF942BC-9CCE-4968-8994-65529F4F7757}.Debug|x64.ActiveCfg = Debug|x64
		{0DF942BC-9CCE-4968-8994-65529F4F7757}.Debug|x64.Build.0 = Debug|x64
		{0DF942BC-9CCE-4968-8994-65529F4F7757}.Release|Win32.ActiveCfg = Release|Win32
		{0DF942BC-9CCE-4968-8994-65529F4F7757}.Release|Win32.Build.0 = Release|Win32
		{0DF942BC-9CCE-4968-8994-65529F4F7757}.Release|x64.ActiveCfg = Release|x64
		{0DF942BC-9CCE-4968-8994-65529F4F7757}.Release|x64.Build.0 = Release|x64
		{18646AAF-FA19-48A8-9B6B-0616BE978E82}.Debug|Win32.ActiveCfg = Debug|Win32
		{18646AAF-FA19-48A8-9B6B-0616BE978E82}.Debug|Win32.Build.0 = Debug|Win32
		{18646AAF-FA19-48A8-9B6B-0616BE978E82}.Debug|x64.ActiveCfg = Debug|x64
		{18646AAF-FA19-48A8-9B6B-0616BE978E82}.Debug|x64.Build.0 = Debug|x64
		{18646AAF-FA19-48A8-9B6B-0616BE978E82}.Release|Win32.ActiveCfg = Release|Win32
		{18646AAF-FA19-48A8-9B6B-0616BE978E82}.Release|Win32.Build.0 = Release|Win32
		{18646AAF-FA19-48A8-9B6B-0616BE978E82}.Release|x64.ActiveCfg = Release|x64
		{18646AAF-FA19-48A8-9B6B-0616BE978E82}.Release|x64.Build.0 = Release|x64
		{AA9612F0-9B26-4BFB-9811-105916BCEFD2}.Debug|Win32.ActiveCfg = Debug|Win32
		{AA9612F0-9B26-4BFB-9811-105916BCEFD2}.Debug|Win32.Build.0 = Debug|Win32
		{AA9612F0-9B26-4BFB-9811-105916BCEFD2}.Debug|x64.ActiveCfg = Debug|x64
		{AA9612F0-9B26-4BFB-9811-105916BCEFD2}.Debug|x64.Build.0 = Debug|x64
		{AA9612F0-9B26-4BFB-9811-105916BCEFD2}.Release|Win32.ActiveCfg = Release|Win32
		{AA9612F0-9B26-4BFB-9811-105916BCEFD2}.Release|Win32.Build.0 = Release|Win32
		{AA9612F0-9B26-4BFB-9811-105916BCEFD2}.Release|x64.ActiveCfg = Release|x64
		{AA9612F0-9B26-4BFB-9811-105916BCEFD2}.Release|x64.Build.0 = Release|x64
		{4BCCC322-9F1A-417D-A8E6-02A6B24BBB8A}.Debug|Win32.ActiveCfg = Debug|Win32
		{4BCCC322-9F1A-417D-A8E6-02A6B24BBB8A}.Debug|Win32.Build.0 = Debug|Win32
		{4BCCC322-9F1A-417D-A8E6-02A6B24BBB8A}.Debug|x64.ActiveCfg = Debug|x64
		{4BCCC322-9F1A-417D-A8E6-02A6B24BBB8A}.Debug|x64.Build.0 = Debug|x64
		{4BCCC322-9F1A-417D-A8E6-02A6B24BBB8A}.Release|Win32.ActiveCfg = Release|Win32
		{4BCCC322-9F1A-417D-A8E6-02A6B24BBB8A}.Release|Win32.Build.0 = Release|Win32
		{4BCCC322-9F1A-417D-A8E6-02A6B24BBB8A}.Release|x64.ActiveCfg = Release|x64
		{4BCCC322-9F1A-417D-A8E6-02A6B24BBB8A}.Release|x64.Build.0 = Release|x64
		{B9D515F1-E9AB-4B53-9C21-7C4E0A04BEF2}.Debug|Win32.ActiveCfg = Debug|Win32
		{B9D515F1-E9AB-4B53-9C21-7C4E0A04BEF2}.Debug|Win32.Build.0 = Debug|Win32
		{B9D515F1-E9AB-4B53-9C21-7C4E0A04BEF2}.Debug|x64.ActiveCfg = Debug|x64
		{B9D515F1-E9AB-4B53-9C21-7C4E0A04BEF2}.Debug|x64.Build.0 = Debug|x64
		{B9D515F1-E9AB-4B53-9C21-7C4E0A04BEF2}.Release|Win32.ActiveCfg = Release|Win32
		{B9D515F1-E9AB-4B53-9C21-7C4E0A04BEF2}.Release|Win32.Build.0 = Release|Win32
		{B9D515F1-E9AB-4B53-9C21-7C4E0A04BEF2}.Release|x64.ActiveCfg = Release|x64
		{B9D515F1-E9AB-4B53-9C21-7C4E0A04BEF2}.Release|x64.Build.0 = Release|x64
		{C8262368-09FB-4509-A509-86C290418E1C}.Debug|Win32.ActiveCfg = Debug|Win32
		{C8262368-09FB-4509-A509-86C290418E1C}.Debug|Win32.Build.0 = Debug|Win32
		{C8262368-09FB-4509-A509-86C290418E1C}.Debug|x64.ActiveCfg = Debug|x64
		{C8262368-09FB-4509-A509-86C290418E1C}.Debug|x64.Build.0 = Debug|x64
		{C8262368-09FB-4509-A509-86C290418E1C}.Release|Win32.ActiveCfg = Release|Win32
		{C8262368-09FB-4509-A509-86C290418E1C}.Release|Win32.Build.0 = Release|Win32
		{C8262368-09FB-4509-A509-86C290418E1C}.Release|x64.ActiveCfg = Release|x64
		{C8262368-09FB-4509-A509-86C290418E1C}.Release|x64.Build.0 = Release|x64
		{30F5D2C7-46CC-4DAB-9ABF-C4F5F125A517}.Debug|Win32.ActiveCfg = Debug|Win32
		{30F5D2C7-46CC-4DAB-9ABF-C4F5F125A517}.Debug|Win32.Build.0 = Debug|Win32
		{30F5D2C7-46CC-4DAB-9ABF-C4F5F125A517}.Debug|x64.ActiveCfg = Debug|x64
		{30F5D2C7-46CC-4DAB-9ABF-C4F5F125A517}.Debug|x64.Build.0 = Debug|x64
		{30F5D2C7-46CC-4DAB-9ABF-C4F5F125A517}.Release|Win32.ActiveCfg = Release|Win32
		{30F5D2C7-46CC-4DAB-9ABF-C4F5F125A517}.Release|Win32.Build.0 = Release|Win32
		{30F5D2C7-46CC-4DAB-9ABF-C4F5F125A517}.Release|x64.ActiveCfg = Release|x64
		{30F5D2C7-46CC-4DAB-9ABF-C4F5F125A517}.Release|x64.Build.0 = Release|x64
		{C723A651-0AC5-4597-99A9-3DCFB4E8FF6E}.Debug|Win32.ActiveCfg = Debug|Win32
		{C723A651-0AC5-4597-99A9-3DCFB4E8FF6E}.Debug|Win32.Build.0 = Debug|Win32
		{C723A651-0AC5-4597-99A9-3DCFB4E8FF6E}.Debug|x64.ActiveCfg = Debug|x64
		{C723A651-0AC5-4597-99A9-3DCFB4E8FF6E}.Debug|x64.Build.0 = Debug|x64
		{C723A651-0AC5-4597-99A9-3DCFB4E8FF6E}.Release|Win32.ActiveCfg = Release|Win32
		{C723A651-0AC5-4597-99A9-3DCFB4E8FF6E}.Release|Win32.Build.0 = Release|Win32
		{C723A651-0AC5-4597-99A9-3DCFB4E8FF6E}.Release|x64.ActiveCfg = Release|x64
		{C723A651-0AC5-4597-99A9-3DCFB4E8FF6E}.Release|x64.Build.0 = Release|x64
		{C75FBA6D-D222-4636-ADA2-81375DE6BACC}.Debug|Win32.ActiveCfg = Debug|Win32
		{C75FBA6D-D222-4636-ADA2-81375DE6BACC}.Debug|Win32.Build.0 = Debug|Win32
		{C75FBA6D-D222-4636-ADA2-81375DE6BACC}.Debug|x64.ActiveCfg = Debug|x64
		{C75FBA6D-D222-4636-ADA2-81375DE6BACC}.Debug|x64.Build.0 = Debug|x64
		{C75FBA6D-D222-4636-ADA2-81375DE6BACC}.Release|Win32.ActiveCfg = Release|Win32
		{C75FBA6D-D222-4636-ADA2-81375DE6BACC}.Release|Win32.Build.0 = Release|Win32
		{C75FBA6D-D222-4636-ADA2-81375DE6BACC}.Release|x64.ActiveCfg = Release|x64
		{C75FBA6D-D222-4636-ADA2-81375DE6BACC}.Release|x64.Build.0 = Release|x64
		{C96797C8-FA10-40A0-BD1A-68DFDD34D2AC}.Debug|Win32.ActiveCfg = Debug|Win32
		{C96797C8-FA10-40A0-BD1A-68DFDD34D2AC}.Debug|Win32.Build.0 = Debug|Win32
		{C96797C8-FA10-40A0-BD1A-68DFDD34D2AC}.Debug|x64.ActiveCfg = Debug|x64
		{C96797C8-FA10-40A0-BD1A-68DFDD34D2AC}.Debug|x64.Build.0 = Debug|x64
		{C96797C8-FA10-40A0-BD1A-68DFDD34D2AC}.Release|Win32.ActiveCfg = Release|Win32
		{C96797C8-FA10-40A0-BD1A-68DFDD34D2AC}.Release|Win32.Build.0 = Release|Win32
		{C96797C8-FA10-40A0-BD1A-68DFDD34D2AC}.Release|x64.ActiveCfg = Release|x64
		{C96797C8-FA10-40A0-BD1A-68DFDD34D2AC}.Release|x64.Build.0 = Release|x64
		{36CAA969-DC19-4091-B32D-5ABB18904268}.Debug|Win32.ActiveCfg = Debug|Win32
		{36CAA969-DC19-4091-B32D-5ABB18904268}.Debug|Win32.Build.0 = Debug|Win32
		{36CAA969-DC19-4091-B32D-5ABB18904268}.Debug|x64.ActiveCfg = Debug|x64
		{36CAA969-DC19-4091-B32D-5ABB18904268}.Debug|x64.Build.0 = Debug|x64
		{36CAA969-DC19-4091-B32D-5ABB18904268}.Release|Win32.ActiveCfg = Release|Win32
		{36CAA969-DC19-4091-B32D-5ABB18904268}.Release|Win32.Build.0 = Release|Win32
		{36CAA969-DC19-4091-B32D-5ABB18904268}.Release|x64.ActiveCfg = Release|x64
		{36CAA969-DC19-4091-B32D-5ABB18904268}.Release|x64.Build.0 = Release|x64
		{5BD85BDF-EA97-46D7-94C8-503999DF45C0}.Debug|Win32.ActiveCfg = Debug|Win32
		{5BD85BDF-EA97-46D7-94C8-503999DF45C0}.Debug|Win32.Build.0 = Debug|Win32
		{5BD85BDF-EA97-46D7-94C8-503999DF45C0}.Debug|x64.ActiveCfg = Debug|x64
		{5BD85BDF-EA97-46D7-94C8-503999DF45C0}.Debug|x64.Build.0 = Debug|x64
		{5BD85BDF-EA97-46D7-94C8-503999DF45C0}.Release|Win32.ActiveCfg = Release|Win32
		{5BD85BDF-EA97-46D7-94C8-503999DF45C0}.Release|Win32.Build.0 = Release|Win32
		{5BD85BDF-EA97-46D7-94C8-503999DF45C0}.Release|x64.ActiveCfg = Release|x64
		{5BD85BDF-EA97-46D7-94C8-503999DF45C0}.Release|x64.Build.0 = Release|x64
		{1C5F4DFA-8E94-4020-BE3F-714563C2D6AE}.Debug|Win32.ActiveCfg = Debug|Win32
		{1C5F4DFA-8E94-4020-BE3F-714563C2D6AE}.Debug|Win32.Build.0 = Debug|Win32
		{1C5F4DFA-8E94-4020-BE3F-714563C2D6AE}.Debug|x64.ActiveCfg = Debug|x64
		{1C5F4DFA-8E94-4020-BE3F-714563C2D6AE}.Debug|x64.Build.0 = Debug|x64
		{1C5F4DFA-8E94-4020-BE3F-714563C2D6AE}.Release|Win32.ActiveCfg = Release|Win32
		{1C5F4DFA-8E94-4020-BE3F-714563C2D6AE}.Release|Win32.Build.0 = Release|Win32
		{1C5F4DFA-8E94-4020-BE3F-714563C2D6AE}.Release|x64.ActiveCfg = Release|x64
		{1C5F4DFA-8E94-4020-BE3F-714563C2D6AE}.Release|x64.Build.0 = Release|x64
		{98581B5F-0260-46EB-AF0D-AB3ACA6E6D63}.Debug|Win32.ActiveCfg = Debug|Win32
		{98581B5F-0260-46EB-AF0D-AB3ACA6E6D63}.Debug|Win32.Build.0 = Debug|Win32
		{98581B5F-0260-46EB-AF0D-AB3ACA6E6D63}.Debug|x64.ActiveCfg = Debug|x64
		{98581B5F-0260-46EB-AF0D-AB3ACA6E6D63}.Debug|x64.Build.0 = Debug|x64
		{98581B5F-0260-46EB-AF0D-AB3ACA6E6D63}.Release|Win32.ActiveCfg = Release|Win32
		{98581B5F-0260-46EB-AF0D-AB3ACA6E6D63}.Release|Win32.Build.0 = Release|Win32
		{98581B5F-0260-46EB-AF0D-AB3ACA6E6D63}.Release|x64.ActiveCfg = Release|x64
		{98581B5F-0260-46EB-AF0D-AB3ACA6E6D63}.Release|x64.Build.0 = Release|x64
		{F1523344-8D1A-4FFB-A158-09EA0BEA45A2}.Debug|Win32.ActiveCfg = Debug|Win32
		{F1523344-8D1A-4FFB-A158-09EA0BEA45A2}.Debug|Win32.Build.0 = Debug|Win32
		{F1523344-8D1A-4FFB-A158-09EA0BEA45A2}.Debug|x64.ActiveCfg = Debug|x64
		{F1523344-8D1A-4FFB-A158-09EA0BEA45A2}.Debug|x64.Build.0 = Debug|x64
		{F1523344-8D1A-4FFB-A158-09EA0BEA45A2}.Release|Win32.ActiveCfg = Release|Win32
		{F1523344-8D1A-4FFB-A158-09EA0BEA45A2}.Release|Win32.Build.0 = Release|Win32
		{F1523344-8D1A-4FFB-A158-09EA0BEA45A2}.Release|x64.ActiveCfg = Release|x64
		{F1523344-8D1A-4FFB-A158-09EA0BEA45A2}.Release|x64.Build.0 = Release|x64
		{178FBCCE-8EFD-4EC9-8FAB-825636B9C7A5}.Debug|Win32.ActiveCfg = Debug|Win32
		{178FBCCE-8EFD-4EC9-8FAB-825636B9C7A5}.Debug|Win32.Build.0 = Debug|Win32
		{178FBCCE-8EFD-4EC9-8FAB-825636B9C7A5}.Debug|x64.ActiveCfg = Debug|x64
		{178FBCCE-8EFD-4EC9-8FAB-825636B9C7A5}.Debug|x64.Build.0 = Debug|x64
		{178FBCCE-8EFD-4EC9-8FAB-825636B9C7A5}.Release|Win32.ActiveCfg = Release|Win32
		{178FBCCE-8EFD-4EC9-8FAB-825636B9C7A5}.Release|Win32.Build.0 = Release|Win32
		{178FBCCE-8EFD-4EC9-8FAB-825636B9C7A5}.Release|x64.ActiveCfg = Release|x64
		{178FBCCE-8EFD-4EC9-8FAB-825636B9C7A5}.Release|x64.Build.0 = Release|x64
		{20CCCBF0-6692-4FD9-BEAC-752362F21305}.Debug|Win32.ActiveCfg = Debug|Win32
		{20CCCBF0-6692-4FD9-BEAC-752362F21305}.Debug|Win32.Build.0 = Debug|Win32
		{20CCCBF0-6692-4FD9-BEAC-752362F21305}.Debug|x64.ActiveCfg = Debug|x64
		{20CCCBF0-6692-4FD9-BEAC-752362F21305}.Debug|x64.Build.0 = Debug|x64
		{20CCCBF0-6692-4FD9-BEAC-752362F21305}.Release|Win32.ActiveCfg = Release|Win32
		{20CCCBF0-6692-4FD9-BEAC-752362F21305}.Release|Win32.Build.0 = Release|Win32
		{20CCCBF0-6692-4FD9-BEAC-752362F21305}.Release|x64.ActiveCfg = Release|x64
		{20CCCBF0-6692-4FD9-BEAC-752362F21305}.Release|x64.Build.0 = Release|x64
		{A1C153E7-6578-4CE4-8CE4-022A38B15F44}.Debug|Win32.ActiveCfg = Debug|Win32
		{A1C153E7-6578-4CE4-8CE4-022A38B15F44}.Debug|Win32.Build.0 = Debug|Win32
		{A1C153E7-6578-4CE4-8CE4-022A38B15F44}.Debug|x64.ActiveCfg = Debug|x64
		{A1C153E7-6578-4CE4-8CE4-022A38B15F44}.Debug|x64.Build.0 = Debug|x64
		{A1C153E7-6578-4CE4-8CE4-022A38B15F44}.Release|Win32.ActiveCfg = Release|Win32
		{A1C153E7-6578-4CE4-8CE4-022A38B15F44}.Release|Win32.Build.0 = Release|Win32
		{A1C153E7-6578-4CE4-8CE4-022A38B15F44}.Release|x64.ActiveCfg = Release|x64
		{A1C153E7-6578-4CE4-8CE4-022A38B15F44}.Release|x64.Build.0 = Release|x64
		{31E01821-8113-4E0E-A924-DF94386B333F}.Debug|Win32.ActiveCfg = Debug|Win32
		{31E01821-8113-4E0E-A924-DF94386B333F}.Debug|Win32.Build.0 = Debug|Win32
		{31E01821-8113-4E0E-A924-DF94386B333F}.Debug|x64.ActiveCfg = Debug|x64
		{31E01821-8113-4E0E-A924-DF94386B333F}.Debug|x64.Build.0 = Debug|x64
		{31E01821-8113-4E0E-A924-DF94386B333F}.Release|Win32.ActiveCfg = Release|Win32
		{31E01821-8113-4E0E-A924-DF94386B333F}.Release|Win32.Build.0 = Release|Win32
		{31E01821-8113-4E0E-A924-DF94386B333F}.Release|x64.ActiveCfg = Release|x64
		{31E01821-8113-4E0E-A924-DF94386B333F}.Release|x64.Build.0 = Release|x64
		{125B9F4E-46E1-41C0-903F-FC827217DDE8}.Debug|Win32.ActiveCfg = Debug|Win32
		{125B9F4E-46E1-41C0-903F-FC827217DDE8}.Debug|Win32.Build.0 = Debug|Win32
		{125B9F4E-46E1-41C0-903F-FC827217DDE8}.Debug|x64.ActiveCfg = Debug|x64
		{125B9F4E-46E1-41C0-903F-FC827217DDE8}.Debug|x64.Build.0 = Debug|x64
		{125B9F4E-46E1-41C0-903F-FC827217DDE8}.Release|Win32.ActiveCfg = Release|Win32
		{125B9F4E-46E1-41C0-903F-FC827217DDE8}.Release|Win32.Build.0 = Release|Win32
		{125B9F4E-46E1-41C0-903F-FC827217DDE8}.Release|x64.ActiveCfg = Release|x64
		{125B9F4E-46E1-41C0-903F-FC827217DDE8}.Release|x64.Build.0 = Release|x64
		{FB49EECC-B8BF-4BA1-84B6-BF159DB9936A}.Debug|Win32.ActiveCfg = Debug|Win32
		{FB49EECC-B8BF-4BA1-84B6-BF159DB9936A}.Debug|Win32.Build.0 = Debug|Win32
		{FB49EECC-B8BF-4BA1-84B6-BF159DB9936A}.Debug|x64.ActiveCfg = Debug|x64
		{FB49EECC-B8BF-4BA1-84B6-BF159DB9936A}.Debug|x64.Build.0 = Debug|x64
		{FB49EECC-B8BF-4BA1-84B6-BF159DB9936A}.Release|Win32.ActiveCfg = Release|Win32
		{FB49EECC-B8BF-4BA1-84B6-BF159DB9936A}.Release|Win32.Build.0 = Release|Win32
		{FB49EECC-B8BF-4BA1-84B6-BF159DB9936A}.Release|x64.ActiveCfg = Release|x64
		{FB49EECC-B8BF-4BA1-84B6-BF159DB9936A}.Release|x64.Build.0 = Release|x64
		{E17F9130-8DC0-45FA-96F0-B449A2502172}.Debug|Win32.ActiveCfg = Debug|Win32
		{E17F9130-8DC0-45FA-96F0-B449A2502172}.Debug|Win32.Build.0 = Debug|Win32
		{E17F9130-8DC0-45FA-96F0-B449A2502172}.Debug|x64.ActiveCfg = Debug|x64
		{E17F9130-8DC0-45FA-96F0-B449A2502172}.Debug|x64.Build.0 = Debug|x64
		{E17F9130-8DC0-45FA-96F0-B449A2502172}.Release|Win32.ActiveCfg = Release|Win32
		{E17F9130-8DC0-45FA-96F0-B449A2502172}.Release|Win32.Build.0 = Release|Win32
		{E17F9130-8DC0-45FA-96F0-B449A2502172}.Release|x64.ActiveCfg = Release|x64
		{E17F9130-8DC0-45FA-96F0-B449A2502172}.Release|x64.Build.0 = Release|x64
		{5A46C250-7FAB-4286-9C3E-F160EDD12FE0}.Debug|Win32.ActiveCfg = Debug|Win32
		{5A46C250-7FAB-4286-9C3E-F160EDD12FE0}.Debug|Win32.Build.0 = Debug|Win32
		{5A46C250-7FAB-4286-9C3E-F160EDD12FE0}.Debug|x64.ActiveCfg = Debug|x64
		{5A46C250-7FAB-4286-9C3E-F160EDD12FE0}.Debug|x64.Build.0 = Debug|x64
		{5A46C250-7FAB-4286-9C3E-F160EDD12FE0}.Release|Win32.ActiveCfg = Release|Win32
		{5A46C250-7FAB-4286-9C3E-F160EDD12FE0}.Release|Win32.Build.0 = Release|Win32
		{5A46C250-7FAB-4286-9C3E-F160EDD12FE0}.Release|x64.ActiveCfg = Release|x64
		{5A46C250-7FAB-4286-9C3E-F160EDD12FE0}.Release|x64.Build.0 = Release|x64
		{42C7F8FC-C759-4C42-92A4-4EEB3A8ADCB4}.Debug|Win32.ActiveCfg = Debug|Win32
		{42C7F8FC-C759-4C42-92A4-4EEB3A8ADCB4}.Debug|Win32.Build.0 = Debug|Win32
		{42C7F8FC-C759-4C42-92A4-4EEB3A8ADCB4}.Debug|x64.ActiveCfg = Debug|x64
		{42C7F8FC-C759-4C42-92A4-4EEB3A8ADCB4}.Debug|x64.Build.0 = Debug|x64
		{42C7F8FC-C759-4C42-92A4-4EEB3A8ADCB4}.Release|Win32.ActiveCfg = Release|Win32
		{42C7F8FC-C759-4C42-92A4-4EEB3A8ADCB4}.Release|Win32.Build.0 = Release|Win32
		{42C7F8FC-C759-4C42-92A4-4EEB3A8ADCB4}.Release|x64.ActiveCfg = Release|x64
		{42C7F8FC-C759-4C42-92A4-4EEB3A8ADCB4}.Release|x64.Build.0 = Release|x64
		{94F1A016-C863-4528-8849-E7B7232C4903}.Debug|Win32.ActiveCfg = Debug|Win32
		{94F1A016-C863-4528-8849-E7B7232C4903}.Debug|Win32.Build.0 = Debug|Win32
		{94F1A016-C863-4528-8849-E7B7232C4903}.Debug|x64.ActiveCfg = Debug|x64
		{94F1A016-C863-4528-8849-E7B7232C4903}.Debug|x64.Build.0 = Debug|x64
		{94F1A016-C863-4528-8849-E7B7232C4903}.Release|Win32.ActiveCfg = Release|Win32
		{94F1A016-C863-4528-8849-E7B7232C4903}.Release|Win32.Build.0 = Release|Win32
		{94F1A016-C863-4528-8849-E7B7232C4903}.Release|x64.ActiveCfg = Release|x64
		{94F1A016-C863-4528-8849-E7B7232C4903}.Release|x64.Build.0 = Release|x64
		{8F376CB9-DAD7-44AB-AE76-D38DD0A7F901}.Debug|Win32.ActiveCfg = Debug|Win32
		{8F376CB9-DAD7-44AB-AE76-D38DD0A7F901}.Debug|Win32.Build.0 = Debug|Win32
		{8F376CB9-DAD7-44AB-AE76-D38DD0A7F901}.Debug|x64.ActiveCfg = Debug|x64
		{8F376CB9-DAD7-44AB-AE76-D38DD0A7F901}.Debug|x64.Build.0 = Debug|x64
		{8F376CB9-DAD7-44AB-AE76-D38DD0A7F901}.Release|Win32.ActiveCfg = Release|Win32
		{8F376CB9-DAD7-44AB-AE76-D38DD0A7F901}.Release|Win32.Build.0 = Release|Win32
		{8F376CB9-DAD7-44AB-AE76-D38DD0A7F901}.Release|x64.ActiveCfg = Release|x64
		{8F376CB9-DAD7-44AB-AE76-D38DD0A7F901}.Release|x64.Build.0 = Release|x64
		{4B85B201-11A8-4D24-8DF5-8DD3843F08AA}.Debug|Win32.ActiveCfg = Debug|Win32
		{4B85B201-11A8-4D24-8DF5-8DD3843F08AA}.Debug|Win32.Build.0 = Debug|Win32
		{4B85B201-11A8-4D24-8DF5-8DD3843F08AA}.Debug|x64.ActiveCfg = Debug|x64
		{4B85B201-11A8-4D24-8DF5-8DD3843F08AA}.Debug|x64.Build.0 = Debug|x64
		{4B85B201-11A8-4D24-8DF5-8DD3843F08AA}.Release|Win32.ActiveCfg = Release|Win32
		{4B85B201-11A8-4D24-8DF5-8DD3843F08AA}.Release|Win32.Build.0 = Release|Win32
		{4B85B201-11A8-4D24-8DF5-8DD3843F08AA}.Release|x64.ActiveCfg = Release|x64
		{4B85B201-11A8-4D24-8DF5-8DD3843F08AA}.Release|x64.Build.0 = Release|x64
		{3A356940-4028-465E-8B85-F4BFE92B6EAD}.Debug|Win32.ActiveCfg = Debug|Win32
		{3A356940-4028-465E-8B85-F4BFE92B6EAD}.Debug|Win32.Build.0 = Debug|Win32
		{3A356940-4028-465E-8B85-F4BFE92B6EAD}.Debug|x64.ActiveCfg = Debug|x64
		{3A356940-4028-465E-8B85-F4BFE92B6EAD}.Debug|x64.Build.0 = Debug|x64
		{3A356940-4028-465E-8B85-F4BFE92B6EAD}.Release|Win32.ActiveCfg = Release|Win32
		{3A356940-4028-465E-8B85-F4BFE92B6EAD}.Release|Win32.Build.0 = Release|Win32
		{3A356940-4028-465E-8B85-F4BFE92B6EAD}.Release|x64.ActiveCfg = Release|x64
		{3A356940-4028-465E-8B85-F4BFE92B6EAD}.Release|x64.Build.0 = Release|x64
		{32B5E15D-278D-4AA5-B38E-7B27232ADA9A}.Debug|Win32.ActiveCfg = Debug|Win32
		{32B5E15D-278D-4AA5-B38E-7B27232ADA9A}.Debug|Win32.Build.0 = Debug|Win32
		{32B5E15D-278D-4AA5-B38E-7B27232ADA9A}.Debug|x64.ActiveCfg = Debug|x64
		{32B5E15D-278D-4AA5-B38E-7B27232ADA9A}.Debug|x64.Build.0 = Debug|x64
		{32B5E15D-278D-4AA5-B38E-7B27232ADA9A}.Release|Win32.ActiveCfg = Release|Win32
		{32B5E15D-278D-4AA5-B38E-7B27232ADA9A}.Release|Win32.Build.0 = Release|Win32
		{32B5E15D-278D-4AA5-B38E-7B27232ADA9A}.Release|x64.ActiveCfg = Release|x64
		{32B5E15D-278D-4AA5-B38E-7B27232ADA9A}.Release|x64.Build.0 = Release|x64
		{BBB21DC6-6072-47E7-927F-2F9459CA9631}.Debug|Win32.ActiveCfg = Debug|Win32
		{BBB21DC6-6072-47E7-927F-2F9459CA9631}.Debug|Win32.Build.0 = Debug|Win32
		{BBB21DC6-6072-47E7-927F-2F9459CA9631}.Debug|x64.ActiveCfg = Debug|x64
		{BBB21DC6-6072-47E7-927F-2F9459CA9631}.Debug|x64.Build.0 = Debug|x64
		{BBB21DC6-6072-47E7-927F-2F9459CA9631}.Release|Win32.ActiveCfg = Release|Win32
		{BBB21DC6-6072-47E7-927F-2F9459CA9631}.Release|Win32.Build.0 = Release|Win32
		{BBB21DC6-6072-47E7-927F-2F9459CA9631}.Release|x64.ActiveCfg = Release|x64
		{BBB21DC6-6072-47E7-927F-2F9459CA9631}.Release|x64.Build.0 = Release|x64
	EndGlobalSection
	GlobalSection(SolutionProperties) = preSolution
		HideSolutionNode = FALSE
	EndGlobalSection
	GlobalSection(NestedProjects) = preSolution
		{44861D28-034F-4F4B-B51B-892A9E2FF12F} = {0BF17DE0-D6D1-4389-96C1-EF6E8EFC175D}
		{F3ACBCA5-621F-4B54-B445-581EA14B49B4} = {0BF17DE0-D6D1-4389-96C1-EF6E8EFC175D}
		{00B9E579-CD68-46CB-81FA-230861C49A72} = {0BF17DE0-D6D1-4389-96C1-EF6E8EFC175D}
		{D16B82B1-8831-49D8-BE86-835183329342} = {C6AE6621-9535-4914-BB7C-625A96752846}
		{05142CA1-9F15-4E61-AAF0-FB61AD0C6F18} = {C6AE6621-9535-4914-BB7C-625A96752846}
		{26DA168D-B65F-49F8-8CEE-78C60B4F83F2} = {C6AE6621-9535-4914-BB7C-625A96752846}
		{03084602-FD0D-4D62-B14A-8F953BC482C8} = {C6AE6621-9535-4914-BB7C-625A96752846}
		{AC1AF53C-9919-40F0-BDA6-B1B58992C1C1} = {C6AE6621-9535-4914-BB7C-625A96752846}
		{AF6DCFBD-2174-46A6-A0E1-6461A8A8E142} = {C6AE6621-9535-4914-BB7C-625A96752846}
		{0DF942BC-9CCE-4968-8994-65529F4F7757} = {C6AE6621-9535-4914-BB7C-625A96752846}
		{18646AAF-FA19-48A8-9B6B-0616BE978E82} = {C6AE6621-9535-4914-BB7C-625A96752846}
		{AA9612F0-9B26-4BFB-9811-105916BCEFD2} = {C6AE6621-9535-4914-BB7C-625A96752846}
		{9E0A94C9-6B5C-4C74-9678-AF556D772426} = {5C39F26B-F199-4BBB-8F24-AFA9FB1A6242}
		{2327896F-38A5-493C-BF81-12E7AE5F7FC2} = {5C39F26B-F199-4BBB-8F24-AFA9FB1A6242}
		{41AA6907-E826-4E8F-A271-F3B2EB6158D2} = {486040F9-016A-4A47-9E2D-1DB1196300A1}
		{1EB08BC4-5446-44B2-9739-ADA9E59770DE} = {486040F9-016A-4A47-9E2D-1DB1196300A1}
		{4BCCC322-9F1A-417D-A8E6-02A6B24BBB8A} = {486040F9-016A-4A47-9E2D-1DB1196300A1}
		{B9D515F1-E9AB-4B53-9C21-7C4E0A04BEF2} = {486040F9-016A-4A47-9E2D-1DB1196300A1}
		{C8262368-09FB-4509-A509-86C290418E1C} = {486040F9-016A-4A47-9E2D-1DB1196300A1}
		{30F5D2C7-46CC-4DAB-9ABF-C4F5F125A517} = {486040F9-016A-4A47-9E2D-1DB1196300A1}
		{C723A651-0AC5-4597-99A9-3DCFB4E8FF6E} = {486040F9-016A-4A47-9E2D-1DB1196300A1}
		{42089F4D-FEB3-404B-A0BE-8188C649BDF5} = {486040F9-016A-4A47-9E2D-1DB1196300A1}
		{C75FBA6D-D222-4636-ADA2-81375DE6BACC} = {42089F4D-FEB3-404B-A0BE-8188C649BDF5}
		{C96797C8-FA10-40A0-BD1A-68DFDD34D2AC} = {42089F4D-FEB3-404B-A0BE-8188C649BDF5}
		{36CAA969-DC19-4091-B32D-5ABB18904268} = {42089F4D-FEB3-404B-A0BE-8188C649BDF5}
		{5BD85BDF-EA97-46D7-94C8-503999DF45C0} = {42089F4D-FEB3-404B-A0BE-8188C649BDF5}
		{1C5F4DFA-8E94-4020-BE3F-714563C2D6AE} = {42089F4D-FEB3-404B-A0BE-8188C649BDF5}
		{98581B5F-0260-46EB-AF0D-AB3ACA6E6D63} = {42089F4D-FEB3-404B-A0BE-8188C649BDF5}
		{F1523344-8D1A-4FFB-A158-09EA0BEA45A2} = {42089F4D-FEB3-404B-A0BE-8188C649BDF5}
		{178FBCCE-8EFD-4EC9-8FAB-825636B9C7A5} = {42089F4D-FEB3-404B-A0BE-8188C649BDF5}
		{20CCCBF0-6692-4FD9-BEAC-752362F21305} = {42089F4D-FEB3-404B-A0BE-8188C649BDF5}
		{A1C153E7-6578-4CE4-8CE4-022A38B15F44} = {42089F4D-FEB3-404B-A0BE-8188C649BDF5}
		{31E01821-8113-4E0E-A924-DF94386B333F} = {42089F4D-FEB3-404B-A0BE-8188C649BDF5}
		{125B9F4E-46E1-41C0-903F-FC827217DDE8} = {42089F4D-FEB3-404B-A0BE-8188C649BDF5}
		{FB49EECC-B8BF-4BA1-84B6-BF159DB9936A} = {42089F4D-FEB3-404B-A0BE-8188C649BDF5}
		{E17F9130-8DC0-45FA-96F0-B449A2502172} = {42089F4D-FEB3-404B-A0BE-8188C649BDF5}
		{5A46C250-7FAB-4286-9C3E-F160EDD12FE0} = {42089F4D-FEB3-404B-A0BE-8188C649BDF5}
		{42C7F8FC-C759-4C42-92A4-4EEB3A8ADCB4} = {42089F4D-FEB3-404B-A0BE-8188C649BDF5}
		{94F1A016-C863-4528-8849-E7B7232C4903} = {42089F4D-FEB3-404B-A0BE-8188C649BDF5}
		{8F376CB9-DAD7-44AB-AE76-D38DD0A7F901} = {42089F4D-FEB3-404B-A0BE-8188C649BDF5}
		{4B85B201-11A8-4D24-8DF5-8DD3843F08AA} = {42089F4D-FEB3-404B-A0BE-8188C649BDF5}
		{3A356940-4028-465E-8B85-F4BFE92B6EAD} = {42089F4D-FEB3-404B-A0BE-8188C649BDF5}
		{32B5E15D-278D-4AA5-B38E-7B27232ADA9A} = {42089F4D-FEB3-404B-A0BE-8188C649BDF5}
		{BBB21DC6-6072-47E7-927F-2F9459CA9631} = {42089F4D-FEB3-404B-A0BE-8188C649BDF5}
	EndGlobalSection
EndGlobal
