
Microsoft Visual Studio Solution File, Format Version 9.00
# Visual C++ Express 2005
Project("{8BC9CEB8-8B4A-11D0-8D11-00A0C91BC942}") = "flaim", "src\flaim.vcproj", "{4AFE0D06-AF78-4044-B351-3122FE4060A3}"
EndProject
Project("{8BC9CEB8-8B4A-11D0-8D11-00A0C91BC942}") = "checkdb", "util\checkdb.vcproj", "{EF3BDF42-A121-4A79-A281-C7611F572C03}"
	ProjectSection(ProjectDependencies) = postProject
		{9CA51DF1-D4CD-41B3-A125-F0A186A4BF4D} = {9CA51DF1-D4CD-41B3-A125-F0A186A4BF4D}
		{2723C2CD-3D83-4077-9D74-420173DF2785} = {2723C2CD-3D83-4077-9D74-420173DF2785}
	EndProjectSection
EndProject
Project("{8BC9CEB8-8B4A-11D0-8D11-00A0C91BC942}") = "rebuild", "util\rebuild.vcproj", "{58C22792-CD19-44DB-AD66-44D08FA65F18}"
	ProjectSection(ProjectDependencies) = postProject
		{9CA51DF1-D4CD-41B3-A125-F0A186A4BF4D} = {9CA51DF1-D4CD-41B3-A125-F0A186A4BF4D}
		{2723C2CD-3D83-4077-9D74-420173DF2785} = {2723C2CD-3D83-4077-9D74-420173DF2785}
	EndProjectSection
EndProject
Project("{8BC9CEB8-8B4A-11D0-8D11-00A0C91BC942}") = "view", "util\view.vcproj", "{D178C395-FD13-4A9C-BF71-870D2FA69917}"
	ProjectSection(ProjectDependencies) = postProject
		{9CA51DF1-D4CD-41B3-A125-F0A186A4BF4D} = {9CA51DF1-D4CD-41B3-A125-F0A186A4BF4D}
		{2723C2CD-3D83-4077-9D74-420173DF2785} = {2723C2CD-3D83-4077-9D74-420173DF2785}
	EndProjectSection
EndProject
Project("{8BC9CEB8-8B4A-11D0-8D11-00A0C91BC942}") = "sample", "util\sample.vcproj", "{CAEFA476-5C22-44D0-9FFB-53F655293420}"
	ProjectSection(ProjectDependencies) = postProject
		{4AFE0D06-AF78-4044-B351-3122FE4060A3} = {4AFE0D06-AF78-4044-B351-3122FE4060A3}
	EndProjectSection
EndProject
Project("{8BC9CEB8-8B4A-11D0-8D11-00A0C91BC942}") = "ut_basictest", "util\ut_basictest.vcproj", "{D602A6F0-D60B-4FF3-BB7A-DEFDF0F8CC4D}"
	ProjectSection(ProjectDependencies) = postProject
		{9CA51DF1-D4CD-41B3-A125-F0A186A4BF4D} = {9CA51DF1-D4CD-41B3-A125-F0A186A4BF4D}
		{2723C2CD-3D83-4077-9D74-420173DF2785} = {2723C2CD-3D83-4077-9D74-420173DF2785}
	EndProjectSection
EndProject
Project("{8BC9CEB8-8B4A-11D0-8D11-00A0C91BC942}") = "utilsup", "util\utilsup.vcproj", "{9CA51DF1-D4CD-41B3-A125-F0A186A4BF4D}"
	ProjectSection(ProjectDependencies) = postProject
		{2723C2CD-3D83-4077-9D74-420173DF2785} = {2723C2CD-3D83-4077-9D74-420173DF2785}
	EndProjectSection
EndProject
Project("{8BC9CEB8-8B4A-11D0-8D11-00A0C91BC942}") = "flaim_static", "src\flaim_static.vcproj", "{2723C2CD-3D83-4077-9D74-420173DF2785}"
EndProject
Global
	GlobalSection(SolutionConfigurationPlatforms) = preSolution
		Debug|Win32 = Debug|Win32
		Release|Win32 = Release|Win32
	EndGlobalSection
	GlobalSection(ProjectConfigurationPlatforms) = postSolution
		{4AFE0D06-AF78-4044-B351-3122FE4060A3}.Debug|Win32.ActiveCfg = Debug|Win32
		{4AFE0D06-AF78-4044-B351-3122FE4060A3}.Debug|Win32.Build.0 = Debug|Win32
		{4AFE0D06-AF78-4044-B351-3122FE4060A3}.Release|Win32.ActiveCfg = Release|Win32
		{4AFE0D06-AF78-4044-B351-3122FE4060A3}.Release|Win32.Build.0 = Release|Win32
		{EF3BDF42-A121-4A79-A281-C7611F572C03}.Debug|Win32.ActiveCfg = Debug|Win32
		{EF3BDF42-A121-4A79-A281-C7611F572C03}.Debug|Win32.Build.0 = Debug|Win32
		{EF3BDF42-A121-4A79-A281-C7611F572C03}.Release|Win32.ActiveCfg = Release|Win32
		{EF3BDF42-A121-4A79-A281-C7611F572C03}.Release|Win32.Build.0 = Release|Win32
		{58C22792-CD19-44DB-AD66-44D08FA65F18}.Debug|Win32.ActiveCfg = Debug|Win32
		{58C22792-CD19-44DB-AD66-44D08FA65F18}.Debug|Win32.Build.0 = Debug|Win32
		{58C22792-CD19-44DB-AD66-44D08FA65F18}.Release|Win32.ActiveCfg = Release|Win32
		{58C22792-CD19-44DB-AD66-44D08FA65F18}.Release|Win32.Build.0 = Release|Win32
		{D178C395-FD13-4A9C-BF71-870D2FA69917}.Debug|Win32.ActiveCfg = Debug|Win32
		{D178C395-FD13-4A9C-BF71-870D2FA69917}.Debug|Win32.Build.0 = Debug|Win32
		{D178C395-FD13-4A9C-BF71-870D2FA69917}.Release|Win32.ActiveCfg = Release|Win32
		{D178C395-FD13-4A9C-BF71-870D2FA69917}.Release|Win32.Build.0 = Release|Win32
		{CAEFA476-5C22-44D0-9FFB-53F655293420}.Debug|Win32.ActiveCfg = Debug|Win32
		{CAEFA476-5C22-44D0-9FFB-53F655293420}.Debug|Win32.Build.0 = Debug|Win32
		{CAEFA476-5C22-44D0-9FFB-53F655293420}.Release|Win32.ActiveCfg = Release|Win32
		{CAEFA476-5C22-44D0-9FFB-53F655293420}.Release|Win32.Build.0 = Release|Win32
		{D602A6F0-D60B-4FF3-BB7A-DEFDF0F8CC4D}.Debug|Win32.ActiveCfg = Debug|Win32
		{D602A6F0-D60B-4FF3-BB7A-DEFDF0F8CC4D}.Debug|Win32.Build.0 = Debug|Win32
		{D602A6F0-D60B-4FF3-BB7A-DEFDF0F8CC4D}.Release|Win32.ActiveCfg = Release|Win32
		{D602A6F0-D60B-4FF3-BB7A-DEFDF0F8CC4D}.Release|Win32.Build.0 = Release|Win32
		{9CA51DF1-D4CD-41B3-A125-F0A186A4BF4D}.Debug|Win32.ActiveCfg = Debug|Win32
		{9CA51DF1-D4CD-41B3-A125-F0A186A4BF4D}.Debug|Win32.Build.0 = Debug|Win32
		{9CA51DF1-D4CD-41B3-A125-F0A186A4BF4D}.Release|Win32.ActiveCfg = Release|Win32
		{9CA51DF1-D4CD-41B3-A125-F0A186A4BF4D}.Release|Win32.Build.0 = Release|Win32
		{2723C2CD-3D83-4077-9D74-420173DF2785}.Debug|Win32.ActiveCfg = Debug|Win32
		{2723C2CD-3D83-4077-9D74-420173DF2785}.Debug|Win32.Build.0 = Debug|Win32
		{2723C2CD-3D83-4077-9D74-420173DF2785}.Release|Win32.ActiveCfg = Release|Win32
		{2723C2CD-3D83-4077-9D74-420173DF2785}.Release|Win32.Build.0 = Release|Win32
	EndGlobalSection
	GlobalSection(SolutionProperties) = preSolution
		HideSolutionNode = FALSE
	EndGlobalSection
EndGlobal
